# This file is automatically @generated by Cargo.
# It is not intended for manual editing.
version = 3

[[package]]
name = "aho-corasick"
version = "0.5.3"
source = "registry+https://github.com/rust-lang/crates.io-index"
checksum = "ca972c2ea5f742bfce5687b9aef75506a764f61d37f8f649047846a9686ddb66"
dependencies = [
 "memchr 0.1.11",
]

[[package]]
name = "cc"
version = "1.0.17"
source = "registry+https://github.com/rust-lang/crates.io-index"
checksum = "49ec142f5768efb5b7622aebc3fdbdbb8950a4b9ba996393cb76ef7466e8747d"

[[package]]
name = "cfg-if"
version = "1.0.0"
source = "registry+https://github.com/rust-lang/crates.io-index"
checksum = "baf1de4339761588bc0619e3cbc0120ee582ebb74b53b4efbf79117bd2da40fd"

[[package]]
name = "config"
version = "0.8.0"
source = "registry+https://github.com/rust-lang/crates.io-index"
checksum = "e595d1735d8ab6b04906bbdcfc671cce2a5e609b6f8e92865e67331cc2f41ba4"
dependencies = [
 "lazy_static 1.0.1",
 "nom 3.2.1",
 "serde 1.0.66",
 "serde-hjson",
 "serde_json",
 "toml",
 "yaml-rust",
]

[[package]]
name = "crossbeam-channel"
version = "0.5.5"
source = "registry+https://github.com/rust-lang/crates.io-index"
checksum = "4c02a4d71819009c192cf4872265391563fd6a84c81ff2c0f2a7026ca4c1d85c"
dependencies = [
 "cfg-if",
 "crossbeam-utils",
]

[[package]]
name = "crossbeam-utils"
version = "0.8.9"
source = "registry+https://github.com/rust-lang/crates.io-index"
checksum = "8ff1f980957787286a554052d03c7aee98d99cc32e09f6d45f0a814133c87978"
dependencies = [
 "cfg-if",
 "once_cell",
]

[[package]]
name = "dtoa"
version = "0.4.2"
source = "registry+https://github.com/rust-lang/crates.io-index"
checksum = "09c3753c3db574d215cba4ea76018483895d7bff25a31b49ba45db21c48e50ab"

[[package]]
name = "glob"
version = "0.2.11"
source = "registry+https://github.com/rust-lang/crates.io-index"
checksum = "8be18de09a56b60ed0edf84bc9df007e30040691af7acd1c41874faac5895bfb"

[[package]]
name = "idna"
version = "0.1.4"
source = "registry+https://github.com/rust-lang/crates.io-index"
checksum = "014b298351066f1512874135335d62a789ffe78a9974f94b43ed5621951eaf7d"
dependencies = [
 "matches",
 "unicode-bidi",
 "unicode-normalization",
]

[[package]]
name = "itoa"
version = "0.4.1"
source = "registry+https://github.com/rust-lang/crates.io-index"
checksum = "c069bbec61e1ca5a596166e55dfe4773ff745c3d16b700013bcaff9a6df2c682"

[[package]]
name = "kernel32-sys"
version = "0.2.2"
source = "registry+https://github.com/rust-lang/crates.io-index"
checksum = "7507624b29483431c0ba2d82aece8ca6cdba9382bff4ddd0f7490560c056098d"
dependencies = [
 "winapi",
 "winapi-build",
]

[[package]]
name = "lazy_static"
version = "0.2.11"
source = "registry+https://github.com/rust-lang/crates.io-index"
checksum = "76f033c7ad61445c5b347c7382dd1237847eb1bce590fe50365dcb33d546be73"

[[package]]
name = "lazy_static"
version = "1.0.1"
source = "registry+https://github.com/rust-lang/crates.io-index"
checksum = "e6412c5e2ad9584b0b8e979393122026cdd6d2a80b933f890dcd694ddbe73739"

[[package]]
name = "libc"
version = "0.2.42"
source = "registry+https://github.com/rust-lang/crates.io-index"
checksum = "b685088df2b950fccadf07a7187c8ef846a959c142338a48f9dc0b94517eb5f1"

[[package]]
name = "linked-hash-map"
version = "0.3.0"
source = "registry+https://github.com/rust-lang/crates.io-index"
checksum = "6d262045c5b87c0861b3f004610afd0e2c851e2908d08b6c870cbb9d5f494ecd"
dependencies = [
 "serde 0.8.23",
 "serde_test",
]

[[package]]
name = "linked-hash-map"
version = "0.5.1"
source = "registry+https://github.com/rust-lang/crates.io-index"
checksum = "70fb39025bc7cdd76305867c4eccf2f2dcf6e9a57f5b21a93e1c2d86cd03ec9e"

[[package]]
name = "matches"
version = "0.1.6"
source = "registry+https://github.com/rust-lang/crates.io-index"
checksum = "100aabe6b8ff4e4a7e32c1c13523379802df0772b82466207ac25b013f193376"

[[package]]
name = "memchr"
version = "0.1.11"
source = "registry+https://github.com/rust-lang/crates.io-index"
checksum = "d8b629fb514376c675b98c1421e80b151d3817ac42d7c667717d282761418d20"
dependencies = [
 "libc",
]

[[package]]
name = "memchr"
version = "1.0.2"
source = "registry+https://github.com/rust-lang/crates.io-index"
checksum = "148fab2e51b4f1cfc66da2a7c32981d1d3c083a803978268bb11fe4b86925e7a"
dependencies = [
 "libc",
]

[[package]]
name = "memchr"
version = "2.0.1"
source = "registry+https://github.com/rust-lang/crates.io-index"
checksum = "796fba70e76612589ed2ce7f45282f5af869e0fdd7cc6199fa1aa1f1d591ba9d"
dependencies = [
 "libc",
]

[[package]]
name = "nom"
version = "3.2.1"
source = "registry+https://github.com/rust-lang/crates.io-index"
checksum = "05aec50c70fd288702bcd93284a8444607f3292dbdf2a30de5ea5dcdbe72287b"
dependencies = [
 "memchr 1.0.2",
]

[[package]]
name = "nom"
version = "4.0.0"
source = "registry+https://github.com/rust-lang/crates.io-index"
checksum = "898696750eb5c3ce5eb5afbfbe46e7f7c4e1936e19d3e97be4b7937da7b6d114"
dependencies = [
 "memchr 2.0.1",
]

[[package]]
name = "num-traits"
version = "0.1.43"
source = "registry+https://github.com/rust-lang/crates.io-index"
checksum = "92e5113e9fd4cc14ded8e499429f396a20f98c772a47cc8622a736e1ec843c31"
dependencies = [
 "num-traits 0.2.5",
]

[[package]]
name = "num-traits"
version = "0.2.5"
source = "registry+https://github.com/rust-lang/crates.io-index"
checksum = "630de1ef5cc79d0cdd78b7e33b81f083cbfe90de0f4b2b2f07f905867c70e9fe"

[[package]]
name = "once_cell"
version = "1.12.0"
source = "registry+https://github.com/rust-lang/crates.io-index"
checksum = "7709cef83f0c1f58f666e746a08b21e0085f7440fa6a29cc194d68aac97a4225"

[[package]]
name = "percent-encoding"
version = "1.0.1"
source = "registry+https://github.com/rust-lang/crates.io-index"
checksum = "31010dd2e1ac33d5b46a5b413495239882813e0369f8ed8a5e266f173602f831"

[[package]]
name = "pi_service"
version = "0.1.0"
dependencies = [
 "config",
 "crossbeam-channel",
 "nom 4.0.0",
 "redis",
 "wiringpi",
]

[[package]]
name = "redis"
version = "0.8.0"
source = "registry+https://github.com/rust-lang/crates.io-index"
checksum = "02a92e223490cc63d9230c4cdf132a48ce154ab1e063558e3841e219c2ea3f91"
dependencies = [
 "sha1",
 "url",
]

[[package]]
name = "regex"
version = "0.1.80"
source = "registry+https://github.com/rust-lang/crates.io-index"
checksum = "4fd4ace6a8cf7860714a2c2280d6c1f7e6a413486c13298bbc86fd3da019402f"
dependencies = [
 "aho-corasick",
 "memchr 0.1.11",
 "regex-syntax",
 "thread_local",
 "utf8-ranges",
]

[[package]]
name = "regex-syntax"
version = "0.3.9"
source = "registry+https://github.com/rust-lang/crates.io-index"
checksum = "f9ec002c35e86791825ed294b50008eea9ddfc8def4420124fbc6b08db834957"

[[package]]
name = "serde"
version = "0.8.23"
source = "registry+https://github.com/rust-lang/crates.io-index"
checksum = "9dad3f759919b92c3068c696c15c3d17238234498bbdcc80f2c469606f948ac8"

[[package]]
name = "serde"
version = "1.0.66"
source = "registry+https://github.com/rust-lang/crates.io-index"
checksum = "e9a2d9a9ac5120e0f768801ca2b58ad6eec929dc9d1d616c162f208869c2ce95"

[[package]]
name = "serde-hjson"
version = "0.8.1"
source = "registry+https://github.com/rust-lang/crates.io-index"
checksum = "7a2376ebb8976138927f48b49588ef73cde2f6591b8b3df22f4063e0f27b9bec"
dependencies = [
 "lazy_static 0.2.11",
 "linked-hash-map 0.3.0",
 "num-traits 0.1.43",
 "regex",
 "serde 0.8.23",
]

[[package]]
name = "serde_json"
version = "1.0.21"
source = "registry+https://github.com/rust-lang/crates.io-index"
checksum = "eb40600c756f02d7ea34943626cefa85732fdae5f95b90b31f9797b3c526d1e6"
dependencies = [
 "dtoa",
 "itoa",
 "serde 1.0.66",
]

[[package]]
name = "serde_test"
version = "0.8.23"
source = "registry+https://github.com/rust-lang/crates.io-index"
checksum = "110b3dbdf8607ec493c22d5d947753282f3bae73c0f56d322af1e8c78e4c23d5"
dependencies = [
 "serde 0.8.23",
]

[[package]]
name = "sha1"
version = "0.2.0"
source = "registry+https://github.com/rust-lang/crates.io-index"
checksum = "cc30b1e1e8c40c121ca33b86c23308a090d19974ef001b4bf6e61fd1a0fb095c"

[[package]]
name = "thread-id"
version = "2.0.0"
source = "registry+https://github.com/rust-lang/crates.io-index"
checksum = "a9539db560102d1cef46b8b78ce737ff0bb64e7e18d35b2a5688f7d097d0ff03"
dependencies = [
 "kernel32-sys",
 "libc",
]

[[package]]
name = "thread_local"
version = "0.2.7"
source = "registry+https://github.com/rust-lang/crates.io-index"
checksum = "8576dbbfcaef9641452d5cf0df9b0e7eeab7694956dd33bb61515fb8f18cfdd5"
dependencies = [
 "thread-id",
]

[[package]]
name = "toml"
version = "0.4.6"
source = "registry+https://github.com/rust-lang/crates.io-index"
checksum = "a0263c6c02c4db6c8f7681f9fd35e90de799ebd4cfdeab77a38f4ff6b3d8c0d9"
dependencies = [
 "serde 1.0.66",
]

[[package]]
name = "unicode-bidi"
version = "0.3.4"
source = "registry+https://github.com/rust-lang/crates.io-index"
checksum = "49f2bd0c6468a8230e1db229cff8029217cf623c767ea5d60bfbd42729ea54d5"
dependencies = [
 "matches",
]

[[package]]
name = "unicode-normalization"
version = "0.1.7"
source = "registry+https://github.com/rust-lang/crates.io-index"
checksum = "6a0180bc61fc5a987082bfa111f4cc95c4caff7f9799f3e46df09163a937aa25"

[[package]]
name = "url"
version = "1.7.0"
source = "registry+https://github.com/rust-lang/crates.io-index"
checksum = "f808aadd8cfec6ef90e4a14eb46f24511824d1ac596b9682703c87056c8678b7"
dependencies = [
 "idna",
 "matches",
 "percent-encoding",
]

[[package]]
name = "utf8-ranges"
version = "0.1.3"
source = "registry+https://github.com/rust-lang/crates.io-index"
checksum = "a1ca13c08c41c9c3e04224ed9ff80461d97e121589ff27c753a16cb10830ae0f"

[[package]]
name = "winapi"
version = "0.2.8"
source = "registry+https://github.com/rust-lang/crates.io-index"
checksum = "167dc9d6949a9b857f3451275e911c3f44255842c1f7a76f33c55103a909087a"

[[package]]
name = "winapi-build"
version = "0.1.1"
source = "registry+https://github.com/rust-lang/crates.io-index"
checksum = "2d315eee3b34aca4797b2da6b13ed88266e6d612562a0c46390af8299fc699bc"

[[package]]
name = "wiringpi"
version = "0.2.4"
source = "registry+https://github.com/rust-lang/crates.io-index"
checksum = "e3e065de8885b0ae1e1928eb3bf905c7d0a0a28ceab823852e9ffe123a126f3d"
dependencies = [
 "cc",
 "glob",
 "libc",
]

[[package]]
name = "yaml-rust"
version = "0.4.0"
source = "registry+https://github.com/rust-lang/crates.io-index"
checksum = "57ab38ee1a4a266ed033496cf9af1828d8d6e6c1cfa5f643a2809effcae4d628"
dependencies = [
 "linked-hash-map 0.5.1",
]
